
Microsoft Visual Studio Solution File, Format Version 12.00
# Visual Studio Version 16
VisualStudioVersion = 16.0.29418.71
MinimumVisualStudioVersion = 10.0.40219.1
Project("{FAE04EC0-301F-11D3-BF4B-00C04F79EFBC}") = "AspNetCoreNLog", "AspNetCoreNLog\AspNetCoreNLog.csproj", "{A358AD19-44FF-457E-A5BD-FCD605ADEEEF}"
EndProject
Global
	GlobalSection(SolutionConfigurationPlatforms) = preSolution
		Debug|Any CPU = Debug|Any CPU
		Release|Any CPU = Release|Any CPU
	EndGlobalSection
	GlobalSection(ProjectConfigurationPlatforms) = postSolution
		{A358AD19-44FF-457E-A5BD-FCD605ADEEEF}.Debug|Any CPU.ActiveCfg = Debug|Any CPU
		{A358AD19-44FF-457E-A5BD-FCD605ADEEEF}.Debug|Any CPU.Build.0 = Debug|Any CPU
		{A358AD19-44FF-457E-A5BD-FCD605ADEEEF}.Release|Any CPU.ActiveCfg = Release|Any CPU
		{A358AD19-44FF-457E-A5BD-FCD605ADEEEF}.Release|Any CPU.Build.0 = Release|Any CPU
	EndGlobalSection
	GlobalSection(SolutionProperties) = preSolution
		HideSolutionNode = FALSE
	EndGlobalSection
	GlobalSection(ExtensibilityGlobals) = postSolution
		SolutionGuid = {04F1168D-B2E0-4175-80CA-198493332238}
	EndGlobalSection
EndGlobal
